{
  "originHash" : "1ad2721ba31213dab417f893a013651c3060f7d3890f5ee075e37ccb156902c3",
  "pins" : [
    {
      "identity" : "loopalgorithm",
      "kind" : "remoteSourceControl",
      "location" : "https://github.com/tidepool-org/LoopAlgorithm.git",
      "state" : {
        "branch" : "mjc/has-gradual-transitions",
        "revision" : "8b94e44bfa63a86b36cbbe2725b0543d60be68a1"
      }
    }
  ],
  "version" : 3
}
