{
  "originHash" : "0a254b467a85d71ae42cd8672112d09fb6ca9d73c714c52f321bcef1eba3a98f",
  "pins" : [
    {
      "identity" : "loopalgorithm",
      "kind" : "remoteSourceControl",
      "location" : "https://github.com/tidepool-org/LoopAlgorithm.git",
      "state" : {
        "revision" : "d4c674fd12f27bf2848b6d46a941ffb32b8a3eee"
      }
    }
  ],
  "version" : 3
}
